github.com/nursalimdev/go-say-hello v1.0.0 h1:HTPH83e9izJYeqXRnHwFh8jxDa0QZzmgSxymGfLcNX0=
github.com/nursalimdev/go-say-hello v1.0.0/go.mod h1:3SZmMS/CJUkpr2Y9NE2qe+DJNDXHV1JSa+6lGLVcFnY=
github.com/nursalimdev/go-say-hello v1.5.0 h1:upoI+qsk7vx+wnmfj0CTFEF3mZKy2Ged2brHsaftoVI=
github.com/nursalimdev/go-say-hello v1.5.0/go.mod h1:3SZmMS/CJUkpr2Y9NE2qe+DJNDXHV1JSa+6lGLVcFnY=
github.com/nursalimdev/go-say-hello/v2 v2.0.0 h1:TJecRwsj9ka1BEKAknjfL5YXxCtb3cnZf9whS4f7KRc=
github.com/nursalimdev/go-say-hello/v2 v2.0.0/go.mod h1:3ZVm/9QgU3sUuIOq1SCyUXZlqTSqVV+vliQCOWYpDTQ=
